// !$*UTF8*$!
{
	archiveVersion = 1;
	classes = {
	};
	objectVersion = 55;
	objects = {

/* Begin PBXBuildFile section */
		00BA4457281E6BBA0022CA2D /* MyVideoPlayerApp.swift in Sources */ = {isa = PBXBuildFile; fileRef = 00BA4456281E6BBA0022CA2D /* MyVideoPlayerApp.swift */; };
		00BA4459281E6BBA0022CA2D /* ContentView.swift in Sources */ = {isa = PBXBuildFile; fileRef = 00BA4458281E6BBA0022CA2D /* ContentView.swift */; };
		00BA445B281E6BBC0022CA2D /* Assets.xcassets in Resources */ = {isa = PBXBuildFile; fileRef = 00BA445A281E6BBC0022CA2D /* Assets.xcassets */; };
		00BA445E281E6BBC0022CA2D /* Preview Assets.xcassets in Resources */ = {isa = PBXBuildFile; fileRef = 00BA445D281E6BBC0022CA2D /* Preview Assets.xcassets */; };
		00BA4465281E81360022CA2D /* ImagePicker.swift in Sources */ = {isa = PBXBuildFile; fileRef = 00BA4464281E81360022CA2D /* ImagePicker.swift */; };
		00BA4467281E8C6C0022CA2D /* YTWrapper.swift in Sources */ = {isa = PBXBuildFile; fileRef = 00BA4466281E8C6C0022CA2D /* YTWrapper.swift */; };
		11FCEC690F3F5F7CD70CC2C2 /* Pods_MyVideoPlayer.framework in Frameworks */ = {isa = PBXBuildFile; fileRef = 7C875A9629209DED2901D759 /* Pods_MyVideoPlayer.framework */; };
/* End PBXBuildFile section */

/* Begin PBXFileReference section */
		00BA4453281E6BBA0022CA2D /* MyVideoPlayer.app */ = {isa = PBXFileReference; explicitFileType = wrapper.application; includeInIndex = 0; path = MyVideoPlayer.app; sourceTree = BUILT_PRODUCTS_DIR; };
		00BA4456281E6BBA0022CA2D /* MyVideoPlayerApp.swift */ = {isa = PBXFileReference; lastKnownFileType = sourcecode.swift; path = MyVideoPlayerApp.swift; sourceTree = "<group>"; };
		00BA4458281E6BBA0022CA2D /* ContentView.swift */ = {isa = PBXFileReference; lastKnownFileType = sourcecode.swift; path = ContentView.swift; sourceTree = "<group>"; };
		00BA445A281E6BBC0022CA2D /* Assets.xcassets */ = {isa = PBXFileReference; lastKnownFileType = folder.assetcatalog; path = Assets.xcassets; sourceTree = "<group>"; };
		00BA445D281E6BBC0022CA2D /* Preview Assets.xcassets */ = {isa = PBXFileReference; lastKnownFileType = folder.assetcatalog; path = "Preview Assets.xcassets"; sourceTree = "<group>"; };
		00BA4464281E81360022CA2D /* ImagePicker.swift */ = {isa = PBXFileReference; lastKnownFileType = sourcecode.swift; path = ImagePicker.swift; sourceTree = "<group>"; };
		00BA4466281E8C6C0022CA2D /* YTWrapper.swift */ = {isa = PBXFileReference; lastKnownFileType = sourcecode.swift; path = YTWrapper.swift; sourceTree = "<group>"; };
		1C24DEE8347E558D40B35980 /* Pods-MyVideoPlayer.release.xcconfig */ = {isa = PBXFileReference; includeInIndex = 1; lastKnownFileType = text.xcconfig; name = "Pods-MyVideoPlayer.release.xcconfig"; path = "Target Support Files/Pods-MyVideoPlayer/Pods-MyVideoPlayer.release.xcconfig"; sourceTree = "<group>"; };
		7209330826CA1C7BB9DF069F /* Pods-MyVideoPlayer.debug.xcconfig */ = {isa = PBXFileReference; includeInIndex = 1; lastKnownFileType = text.xcconfig; name = "Pods-MyVideoPlayer.debug.xcconfig"; path = "Target Support Files/Pods-MyVideoPlayer/Pods-MyVideoPlayer.debug.xcconfig"; sourceTree = "<group>"; };
		7C875A9629209DED2901D759 /* Pods_MyVideoPlayer.framework */ = {isa = PBXFileReference; explicitFileType = wrapper.framework; includeInIndex = 0; path = Pods_MyVideoPlayer.framework; sourceTree = BUILT_PRODUCTS_DIR; };
/* End PBXFileReference section */

/* Begin PBXFrameworksBuildPhase section */
		00BA4450281E6BB90022CA2D /* Frameworks */ = {
			isa = PBXFrameworksBuildPhase;
			buildActionMask = 2147483647;
			files = (
				11FCEC690F3F5F7CD70CC2C2 /* Pods_MyVideoPlayer.framework in Frameworks */,
			);
			runOnlyForDeploymentPostprocessing = 0;
		};
/* End PBXFrameworksBuildPhase section */

/* Begin PBXGroup section */
		00BA444A281E6BB90022CA2D = {
			isa = PBXGroup;
			children = (
				00BA4455281E6BBA0022CA2D /* MyVideoPlayer */,
				00BA4454281E6BBA0022CA2D /* Products */,
				9B51374994FEE5F79FB59D37 /* Pods */,
				A8D2A0578D355B07E8C51667 /* Frameworks */,
			);
			sourceTree = "<group>";
		};
		00BA4454281E6BBA0022CA2D /* Products */ = {
			isa = PBXGroup;
			children = (
				00BA4453281E6BBA0022CA2D /* MyVideoPlayer.app */,
			);
			name = Products;
			sourceTree = "<group>";
		};
		00BA4455281E6BBA0022CA2D /* MyVideoPlayer */ = {
			isa = PBXGroup;
			children = (
				00BA4456281E6BBA0022CA2D /* MyVideoPlayerApp.swift */,
				00BA4458281E6BBA0022CA2D /* ContentView.swift */,
				00BA4464281E81360022CA2D /* ImagePicker.swift */,
				00BA4466281E8C6C0022CA2D /* YTWrapper.swift */,
				00BA445A281E6BBC0022CA2D /* Assets.xcassets */,
				00BA445C281E6BBC0022CA2D /* Preview Content */,
			);
			path = MyVideoPlayer;
			sourceTree = "<group>";
		};
		00BA445C281E6BBC0022CA2D /* Preview Content */ = {
			isa = PBXGroup;
			children = (
				00BA445D281E6BBC0022CA2D /* Preview Assets.xcassets */,
			);
			path = "Preview Content";
			sourceTree = "<group>";
		};
		9B51374994FEE5F79FB59D37 /* Pods */ = {
			isa = PBXGroup;
			children = (
				7209330826CA1C7BB9DF069F /* Pods-MyVideoPlayer.debug.xcconfig */,
				1C24DEE8347E558D40B35980 /* Pods-MyVideoPlayer.release.xcconfig */,
			);
			path = Pods;
			sourceTree = "<group>";
		};
		A8D2A0578D355B07E8C51667 /* Frameworks */ = {
			isa = PBXGroup;
			children = (
				7C875A9629209DED2901D759 /* Pods_MyVideoPlayer.framework */,
			);
			name = Frameworks;
			sourceTree = "<group>";
		};
/* End PBXGroup section */

/* Begin PBXNativeTarget section */
		00BA4452281E6BB90022CA2D /* MyVideoPlayer */ = {
			isa = PBXNativeTarget;
			buildConfigurationList = 00BA4461281E6BBC0022CA2D /* Build configuration list for PBXNativeTarget "MyVideoPlayer" */;
			buildPhases = (
				0B4EE2F1C2755BCA01D37D3C /* [CP] Check Pods Manifest.lock */,
				00BA444F281E6BB90022CA2D /* Sources */,
				00BA4450281E6BB90022CA2D /* Frameworks */,
				00BA4451281E6BB90022CA2D /* Resources */,
				BB54D6D89EF46A84803C482F /* [CP] Embed Pods Frameworks */,
			);
			buildRules = (
			);
			dependencies = (
			);
			name = MyVideoPlayer;
			productName = MyVideoPlayer;
			productReference = 00BA4453281E6BBA0022CA2D /* MyVideoPlayer.app */;
			productType = "com.apple.product-type.application";
		};
/* End PBXNativeTarget section */

/* Begin PBXProject section */
		00BA444B281E6BB90022CA2D /* Project object */ = {
			isa = PBXProject;
			attributes = {
				BuildIndependentTargetsInParallel = 1;
				LastSwiftUpdateCheck = 1330;
				LastUpgradeCheck = 1330;
				TargetAttributes = {
					00BA4452281E6BB90022CA2D = {
						CreatedOnToolsVersion = 13.3.1;
					};
				};
			};
			buildConfigurationList = 00BA444E281E6BB90022CA2D /* Build configuration list for PBXProject "MyVideoPlayer" */;
			compatibilityVersion = "Xcode 13.0";
			developmentRegion = en;
			hasScannedForEncodings = 0;
			knownRegions = (
				en,
				Base,
			);
			mainGroup = 00BA444A281E6BB90022CA2D;
			productRefGroup = 00BA4454281E6BBA0022CA2D /* Products */;
			projectDirPath = "";
			projectRoot = "";
			targets = (
				00BA4452281E6BB90022CA2D /* MyVideoPlayer */,
			);
		};
/* End PBXProject section */

/* Begin PBXResourcesBuildPhase section */
		00BA4451281E6BB90022CA2D /* Resources */ = {
			isa = PBXResourcesBuildPhase;
			buildActionMask = 2147483647;
			files = (
				00BA445E281E6BBC0022CA2D /* Preview Assets.xcassets in Resources */,
				00BA445B281E6BBC0022CA2D /* Assets.xcassets in Resources */,
			);
			runOnlyForDeploymentPostprocessing = 0;
		};
/* End PBXResourcesBuildPhase section */

/* Begin PBXShellScriptBuildPhase section */
		0B4EE2F1C2755BCA01D37D3C /* [CP] Check Pods Manifest.lock */ = {
			isa = PBXShellScriptBuildPhase;
			buildActionMask = 2147483647;
			files = (
			);
			inputFileListPaths = (
			);
			inputPaths = (
				"${PODS_PODFILE_DIR_PATH}/Podfile.lock",
				"${PODS_ROOT}/Manifest.lock",
			);
			name = "[CP] Check Pods Manifest.lock";
			outputFileListPaths = (
			);
			outputPaths = (
				"$(DERIVED_FILE_DIR)/Pods-MyVideoPlayer-checkManifestLockResult.txt",
			);
			runOnlyForDeploymentPostprocessing = 0;
			shellPath = /bin/sh;
			shellScript = "diff \"${PODS_PODFILE_DIR_PATH}/Podfile.lock\" \"${PODS_ROOT}/Manifest.lock\" > /dev/null\nif [ $? != 0 ] ; then\n    # print error to STDERR\n    echo \"error: The sandbox is not in sync with the Podfile.lock. Run 'pod install' or update your CocoaPods installation.\" >&2\n    exit 1\nfi\n# This output is used by Xcode 'outputs' to avoid re-running this script phase.\necho \"SUCCESS\" > \"${SCRIPT_OUTPUT_FILE_0}\"\n";
			showEnvVarsInLog = 0;
		};
		BB54D6D89EF46A84803C482F /* [CP] Embed Pods Frameworks */ = {
			isa = PBXShellScriptBuildPhase;
			buildActionMask = 2147483647;
			files = (
			);
			inputFileListPaths = (
				"${PODS_ROOT}/Target Support Files/Pods-MyVideoPlayer/Pods-MyVideoPlayer-frameworks-${CONFIGURATION}-input-files.xcfilelist",
			);
			name = "[CP] Embed Pods Frameworks";
			outputFileListPaths = (
				"${PODS_ROOT}/Target Support Files/Pods-MyVideoPlayer/Pods-MyVideoPlayer-frameworks-${CONFIGURATION}-output-files.xcfilelist",
			);
			runOnlyForDeploymentPostprocessing = 0;
			shellPath = /bin/sh;
			shellScript = "\"${PODS_ROOT}/Target Support Files/Pods-MyVideoPlayer/Pods-MyVideoPlayer-frameworks.sh\"\n";
			showEnvVarsInLog = 0;
		};
/* End PBXShellScriptBuildPhase section */

/* Begin PBXSourcesBuildPhase section */
		00BA444F281E6BB90022CA2D /* Sources */ = {
			isa = PBXSourcesBuildPhase;
			buildActionMask = 2147483647;
			files = (
				00BA4467281E8C6C0022CA2D /* YTWrapper.swift in Sources */,
				00BA4465281E81360022CA2D /* ImagePicker.swift in Sources */,
				00BA4459281E6BBA0022CA2D /* ContentView.swift in Sources */,
				00BA4457281E6BBA0022CA2D /* MyVideoPlayerApp.swift in Sources */,
			);
			runOnlyForDeploymentPostprocessing = 0;
		};
/* End PBXSourcesBuildPhase section */

/* Begin XCBuildConfiguration section */
		00BA445F281E6BBC0022CA2D /* Debug */ = {
			isa = XCBuildConfiguration;
			buildSettings = {
				ALWAYS_SEARCH_USER_PATHS = NO;
				CLANG_ANALYZER_NONNULL = YES;
				CLANG_ANALYZER_NUMBER_OBJECT_CONVERSION = YES_AGGRESSIVE;
				CLANG_CXX_LANGUAGE_STANDARD = "gnu++17";
				CLANG_ENABLE_MODULES = YES;
				CLANG_ENABLE_OBJC_ARC = YES;
				CLANG_ENABLE_OBJC_WEAK = YES;
				CLANG_WARN_BLOCK_CAPTURE_AUTORELEASING = YES;
				CLANG_WARN_BOOL_CONVERSION = YES;
				CLANG_WARN_COMMA = YES;
				CLANG_WARN_CONSTANT_CONVERSION = YES;
				CLANG_WARN_DEPRECATED_OBJC_IMPLEMENTATIONS = YES;
				CLANG_WARN_DIRECT_OBJC_ISA_USAGE = YES_ERROR;
				CLANG_WARN_DOCUMENTATION_COMMENTS = YES;
				CLANG_WARN_EMPTY_BODY = YES;
				CLANG_WARN_ENUM_CONVERSION = YES;
				CLANG_WARN_INFINITE_RECURSION = YES;
				CLANG_WARN_INT_CONVERSION = YES;
				CLANG_WARN_NON_LITERAL_NULL_CONVERSION = YES;
				CLANG_WARN_OBJC_IMPLICIT_RETAIN_SELF = YES;
				CLANG_WARN_OBJC_LITERAL_CONVERSION = YES;
				CLANG_WARN_OBJC_ROOT_CLASS = YES_ERROR;
				CLANG_WARN_QUOTED_INCLUDE_IN_FRAMEWORK_HEADER = YES;
				CLANG_WARN_RANGE_LOOP_ANALYSIS = YES;
				CLANG_WARN_STRICT_PROTOTYPES = YES;
				CLANG_WARN_SUSPICIOUS_MOVE = YES;
				CLANG_WARN_UNGUARDED_AVAILABILITY = YES_AGGRESSIVE;
				CLANG_WARN_UNREACHABLE_CODE = YES;
				CLANG_WARN__DUPLICATE_METHOD_MATCH = YES;
				COPY_PHASE_STRIP = NO;
				DEBUG_INFORMATION_FORMAT = dwarf;
				ENABLE_STRICT_OBJC_MSGSEND = YES;
				ENABLE_TESTABILITY = YES;
				GCC_C_LANGUAGE_STANDARD = gnu11;
				GCC_DYNAMIC_NO_PIC = NO;
				GCC_NO_COMMON_BLOCKS = YES;
				GCC_OPTIMIZATION_LEVEL = 0;
				GCC_PREPROCESSOR_DEFINITIONS = (
					"DEBUG=1",
					"$(inherited)",
				);
				GCC_WARN_64_TO_32_BIT_CONVERSION = YES;
				GCC_WARN_ABOUT_RETURN_TYPE = YES_ERROR;
				GCC_WARN_UNDECLARED_SELECTOR = YES;
				GCC_WARN_UNINITIALIZED_AUTOS = YES_AGGRESSIVE;
				GCC_WARN_UNUSED_FUNCTION = YES;
				GCC_WARN_UNUSED_VARIABLE = YES;
				IPHONEOS_DEPLOYMENT_TARGET = 15.4;
				MTL_ENABLE_DEBUG_INFO = INCLUDE_SOURCE;
				MTL_FAST_MATH = YES;
				ONLY_ACTIVE_ARCH = YES;
				SDKROOT = iphoneos;
				SWIFT_ACTIVE_COMPILATION_CONDITIONS = DEBUG;
				SWIFT_OPTIMIZATION_LEVEL = "-Onone";
			};
			name = Debug;
		};
		00BA4460281E6BBC0022CA2D /* Release */ = {
			isa = XCBuildConfiguration;
			buildSettings = {
				ALWAYS_SEARCH_USER_PATHS = NO;
				CLANG_ANALYZER_NONNULL = YES;
				CLANG_ANALYZER_NUMBER_OBJECT_CONVERSION = YES_AGGRESSIVE;
				CLANG_CXX_LANGUAGE_STANDARD = "gnu++17";
				CLANG_ENABLE_MODULES = YES;
				CLANG_ENABLE_OBJC_ARC = YES;
				CLANG_ENABLE_OBJC_WEAK = YES;
				CLANG_WARN_BLOCK_CAPTURE_AUTORELEASING = YES;
				CLANG_WARN_BOOL_CONVERSION = YES;
				CLANG_WARN_COMMA = YES;
				CLANG_WARN_CONSTANT_CONVERSION = YES;
				CLANG_WARN_DEPRECATED_OBJC_IMPLEMENTATIONS = YES;
				CLANG_WARN_DIRECT_OBJC_ISA_USAGE = YES_ERROR;
				CLANG_WARN_DOCUMENTATION_COMMENTS = YES;
				CLANG_WARN_EMPTY_BODY = YES;
				CLANG_WARN_ENUM_CONVERSION = YES;
				CLANG_WARN_INFINITE_RECURSION = YES;
				CLANG_WARN_INT_CONVERSION = YES;
				CLANG_WARN_NON_LITERAL_NULL_CONVERSION = YES;
				CLANG_WARN_OBJC_IMPLICIT_RETAIN_SELF = YES;
				CLANG_WARN_OBJC_LITERAL_CONVERSION = YES;
				CLANG_WARN_OBJC_ROOT_CLASS = YES_ERROR;
				CLANG_WARN_QUOTED_INCLUDE_IN_FRAMEWORK_HEADER = YES;
				CLANG_WARN_RANGE_LOOP_ANALYSIS = YES;
				CLANG_WARN_STRICT_PROTOTYPES = YES;
				CLANG_WARN_SUSPICIOUS_MOVE = YES;
				CLANG_WARN_UNGUARDED_AVAILABILITY = YES_AGGRESSIVE;
				CLANG_WARN_UNREACHABLE_CODE = YES;
				CLANG_WARN__DUPLICATE_METHOD_MATCH = YES;
				COPY_PHASE_STRIP = NO;
				DEBUG_INFORMATION_FORMAT = "dwarf-with-dsym";
				ENABLE_NS_ASSERTIONS = NO;
				ENABLE_STRICT_OBJC_MSGSEND = YES;
				GCC_C_LANGUAGE_STANDARD = gnu11;
				GCC_NO_COMMON_BLOCKS = YES;
				GCC_WARN_64_TO_32_BIT_CONVERSION = YES;
				GCC_WARN_ABOUT_RETURN_TYPE = YES_ERROR;
				GCC_WARN_UNDECLARED_SELECTOR = YES;
				GCC_WARN_UNINITIALIZED_AUTOS = YES_AGGRESSIVE;
				GCC_WARN_UNUSED_FUNCTION = YES;
				GCC_WARN_UNUSED_VARIABLE = YES;
				IPHONEOS_DEPLOYMENT_TARGET = 15.4;
				MTL_ENABLE_DEBUG_INFO = NO;
				MTL_FAST_MATH = YES;
				SDKROOT = iphoneos;
				SWIFT_COMPILATION_MODE = wholemodule;
				SWIFT_OPTIMIZATION_LEVEL = "-O";
				VALIDATE_PRODUCT = YES;
			};
			name = Release;
		};
		00BA4462281E6BBC0022CA2D /* Debug */ = {
			isa = XCBuildConfiguration;
			baseConfigurationReference = 7209330826CA1C7BB9DF069F /* Pods-MyVideoPlayer.debug.xcconfig */;
			buildSettings = {
				ASSETCATALOG_COMPILER_APPICON_NAME = AppIcon;
				ASSETCATALOG_COMPILER_GLOBAL_ACCENT_COLOR_NAME = AccentColor;
				CODE_SIGN_STYLE = Automatic;
				CURRENT_PROJECT_VERSION = 1;
				DEVELOPMENT_ASSET_PATHS = "\"MyVideoPlayer/Preview Content\"";
				DEVELOPMENT_TEAM = R33RQD3Z3Y;
				ENABLE_PREVIEWS = YES;
				GENERATE_INFOPLIST_FILE = YES;
				INFOPLIST_KEY_UIApplicationSceneManifest_Generation = YES;
				INFOPLIST_KEY_UIApplicationSupportsIndirectInputEvents = YES;
				INFOPLIST_KEY_UILaunchScreen_Generation = YES;
				INFOPLIST_KEY_UISupportedInterfaceOrientations_iPad = "UIInterfaceOrientationPortrait UIInterfaceOrientationPortraitUpsideDown UIInterfaceOrientationLandscapeLeft UIInterfaceOrientationLandscapeRight";
				INFOPLIST_KEY_UISupportedInterfaceOrientations_iPhone = "UIInterfaceOrientationPortrait UIInterfaceOrientationLandscapeLeft UIInterfaceOrientationLandscapeRight";
				IPHONEOS_DEPLOYMENT_TARGET = 15.0;
				LD_RUNPATH_SEARCH_PATHS = (
					"$(inherited)",
					"@executable_path/Frameworks",
				);
				MARKETING_VERSION = 1.0;
				PRODUCT_BUNDLE_IDENTIFIER = work.terencewu.MyVideoPlayer;
				PRODUCT_NAME = "$(TARGET_NAME)";
				SWIFT_EMIT_LOC_STRINGS = YES;
				SWIFT_VERSION = 5.0;
				TARGETED_DEVICE_FAMILY = "1,2";
			};
			name = Debug;
		};
		00BA4463281E6BBC0022CA2D /* Release */ = {
			isa = XCBuildConfiguration;
			baseConfigurationReference = 1C24DEE8347E558D40B35980 /* Pods-MyVideoPlayer.release.xcconfig */;
			buildSettings = {
				ASSETCATALOG_COMPILER_APPICON_NAME = AppIcon;
				ASSETCATALOG_COMPILER_GLOBAL_ACCENT_COLOR_NAME = AccentColor;
				CODE_SIGN_STYLE = Automatic;
				CURRENT_PROJECT_VERSION = 1;
				DEVELOPMENT_ASSET_PATHS = "\"MyVideoPlayer/Preview Content\"";
				DEVELOPMENT_TEAM = R33RQD3Z3Y;
				ENABLE_PREVIEWS = YES;
				GENERATE_INFOPLIST_FILE = YES;
				INFOPLIST_KEY_UIApplicationSceneManifest_Generation = YES;
				INFOPLIST_KEY_UIApplicationSupportsIndirectInputEvents = YES;
				INFOPLIST_KEY_UILaunchScreen_Generation = YES;
				INFOPLIST_KEY_UISupportedInterfaceOrientations_iPad = "UIInterfaceOrientationPortrait UIInterfaceOrientationPortraitUpsideDown UIInterfaceOrientationLandscapeLeft UIInterfaceOrientationLandscapeRight";
				INFOPLIST_KEY_UISupportedInterfaceOrientations_iPhone = "UIInterfaceOrientationPortrait UIInterfaceOrientationLandscapeLeft UIInterfaceOrientationLandscapeRight";
				IPHONEOS_DEPLOYMENT_TARGET = 15.0;
				LD_RUNPATH_SEARCH_PATHS = (
					"$(inherited)",
					"@executable_path/Frameworks",
				);
				MARKETING_VERSION = 1.0;
				PRODUCT_BUNDLE_IDENTIFIER = work.terencewu.MyVideoPlayer;
				PRODUCT_NAME = "$(TARGET_NAME)";
				SWIFT_EMIT_LOC_STRINGS = YES;
				SWIFT_VERSION = 5.0;
				TARGETED_DEVICE_FAMILY = "1,2";
			};
			name = Release;
		};
/* End XCBuildConfiguration section */

/* Begin XCConfigurationList section */
		00BA444E281E6BB90022CA2D /* Build configuration list for PBXProject "MyVideoPlayer" */ = {
			isa = XCConfigurationList;
			buildConfigurations = (
				00BA445F281E6BBC0022CA2D /* Debug */,
				00BA4460281E6BBC0022CA2D /* Release */,
			);
			defaultConfigurationIsVisible = 0;
			defaultConfigurationName = Release;
		};
		00BA4461281E6BBC0022CA2D /* Build configuration list for PBXNativeTarget "MyVideoPlayer" */ = {
			isa = XCConfigurationList;
			buildConfigurations = (
				00BA4462281E6BBC0022CA2D /* Debug */,
				00BA4463281E6BBC0022CA2D /* Release */,
			);
			defaultConfigurationIsVisible = 0;
			defaultConfigurationName = Release;
		};
/* End XCConfigurationList section */
	};
	rootObject = 00BA444B281E6BB90022CA2D /* Project object */;
}
